
Microsoft Visual Studio Solution File, Format Version 12.00
# Visual Studio Version 17
VisualStudioVersion = 17.9.34728.123
MinimumVisualStudioVersion = 10.0.40219.1
Project("{FAE04EC0-301F-11D3-BF4B-00C04F79EFBC}") = "Euler_graph", "Euler_graph\Euler_graph.csproj", "{A7E0BFE3-702C-430F-B3E5-4BA6512F6542}"
EndProject
Global
	GlobalSection(SolutionConfigurationPlatforms) = preSolution
		Debug|Any CPU = Debug|Any CPU
		Release|Any CPU = Release|Any CPU
	EndGlobalSection
	GlobalSection(ProjectConfigurationPlatforms) = postSolution
		{A7E0BFE3-702C-430F-B3E5-4BA6512F6542}.Debug|Any CPU.ActiveCfg = Debug|Any CPU
		{A7E0BFE3-702C-430F-B3E5-4BA6512F6542}.Debug|Any CPU.Build.0 = Debug|Any CPU
		{A7E0BFE3-702C-430F-B3E5-4BA6512F6542}.Release|Any CPU.ActiveCfg = Release|Any CPU
		{A7E0BFE3-702C-430F-B3E5-4BA6512F6542}.Release|Any CPU.Build.0 = Release|Any CPU
	EndGlobalSection
	GlobalSection(SolutionProperties) = preSolution
		HideSolutionNode = FALSE
	EndGlobalSection
	GlobalSection(ExtensibilityGlobals) = postSolution
		SolutionGuid = {12BFE11C-CF44-4BFF-A60F-06A5FD80D955}
	EndGlobalSection
EndGlobal
